
Microsoft Visual Studio Solution File, Format Version 12.00
# Visual Studio Version 17
VisualStudioVersion = 17.14.36518.9
MinimumVisualStudioVersion = 10.0.40219.1
Project("{2150E333-8FDC-42A3-9474-1A3956D46DE8}") = "Task0", "Task0", "{02EA681E-C7D8-13C7-8484-4AC65E1B71E8}"
EndProject
Project("{FAE04EC0-301F-11D3-BF4B-00C04F79EFBC}") = "Tyuiu.ShahabA.Sprint2.Task0.V6", "Tyuiu.ShahabA.Sprint2.Task0.V6\Tyuiu.ShahabA.Sprint2.Task0.V6.csproj", "{20823D50-1319-4AFC-B792-34D1BAD86484}"
EndProject
Project("{FAE04EC0-301F-11D3-BF4B-00C04F79EFBC}") = "Tyuiu.ShahabA.Sprint2.Task0.V6.Lib", "Tyuiu.ShahabA.Sprint2.Task0.V6.Lib\Tyuiu.ShahabA.Sprint2.Task0.V6.Lib.csproj", "{C629B9EA-62DF-4C39-AFB6-A927230E65D3}"
EndProject
Project("{FAE04EC0-301F-11D3-BF4B-00C04F79EFBC}") = "Tyuiu.ShahabA.Sprint2.Task0.V6.Test", "Tyuiu.ShahabA.Sprint2.Task0.V6.Test\Tyuiu.ShahabA.Sprint2.Task0.V6.Test.csproj", "{0F3AF8E2-816F-4DB2-A5D1-5BCCB00BBDE3}"
EndProject
Project("{2150E333-8FDC-42A3-9474-1A3956D46DE8}") = "Task1", "Task1", "{91126DF8-A0D1-4F67-8B45-DA39500D5ACD}"
EndProject
Project("{FAE04EC0-301F-11D3-BF4B-00C04F79EFBC}") = "Tyuiu.ShahabA.Spint2.Task1.V30", "Tyuiu.ShahabA.Spint2.Task1.V30\Tyuiu.ShahabA.Spint2.Task1.V30.csproj", "{979428D9-12FA-424D-AE1D-B58214FF4C9B}"
EndProject
Project("{FAE04EC0-301F-11D3-BF4B-00C04F79EFBC}") = "Tyuiu.ShahabA.Spint2.Task1.V30.Lib", "Tyuiu.ShahabA.Spint2.Task1.V30.Lib\Tyuiu.ShahabA.Spint2.Task1.V30.Lib.csproj", "{9B7298D3-6D25-42E0-8E69-6EEB5A44E815}"
EndProject
Project("{FAE04EC0-301F-11D3-BF4B-00C04F79EFBC}") = "Tyuiu.ShahabA.Spint2.Task1.V30.Test", "Tyuiu.ShahabA.Spint2.Task1.V30.Test\Tyuiu.ShahabA.Spint2.Task1.V30.Test.csproj", "{C53AB523-E2DC-4936-BB96-081892A92963}"
EndProject
Project("{2150E333-8FDC-42A3-9474-1A3956D46DE8}") = "Task2", "Task2", "{D2212942-5893-4E38-9656-B43A5E962DEB}"
EndProject
Project("{FAE04EC0-301F-11D3-BF4B-00C04F79EFBC}") = "Tyuiu.ShahabA.Sprint2.Task2.V25", "Tyuiu.ShahabA.Sprint2.Task2.V25\Tyuiu.ShahabA.Sprint2.Task2.V25.csproj", "{BE5F3637-7F2E-48B1-BAEB-9F6B1B4CE483}"
EndProject
Project("{FAE04EC0-301F-11D3-BF4B-00C04F79EFBC}") = "Tyuiu.ShahabA.Sprint2.Task2.V25.Lib", "Tyuiu.ShahabA.Sprint2.Task2.V25.Lib\Tyuiu.ShahabA.Sprint2.Task2.V25.Lib.csproj", "{E6C01659-CF28-4F3B-8831-55D8DADB59EA}"
EndProject
Project("{FAE04EC0-301F-11D3-BF4B-00C04F79EFBC}") = "Tyuiu.ShahabA.Sprint2.Task2.V25.Test", "Tyuiu.ShahabA.Sprint2.Task2.V25.Test\Tyuiu.ShahabA.Sprint2.Task2.V25.Test.csproj", "{136CD58D-B195-4442-AED0-B7DF0777EC47}"
EndProject
Project("{2150E333-8FDC-42A3-9474-1A3956D46DE8}") = "Task3", "Task3", "{9355E308-8F16-41B4-BC16-3DEE3665301A}"
EndProject
Project("{FAE04EC0-301F-11D3-BF4B-00C04F79EFBC}") = "Tyuiu.ShahabA.Sprint2.Task3.V12", "Tyuiu.ShahabA.Sprint2.Task3.V12\Tyuiu.ShahabA.Sprint2.Task3.V12.csproj", "{44A8D1D6-187C-4A1C-901C-CE666B576369}"
EndProject
Project("{FAE04EC0-301F-11D3-BF4B-00C04F79EFBC}") = "Tyuiu.ShahabA.Sprint2.Task3.V12.Lib", "Tyuiu.ShahabA.Sprint2.Task3.V12.Lib\Tyuiu.ShahabA.Sprint2.Task3.V12.Lib.csproj", "{EBBC0236-AAA6-4A13-9DB4-0D5B91221802}"
EndProject
Project("{FAE04EC0-301F-11D3-BF4B-00C04F79EFBC}") = "Tyuiu.ShahabA.Sprint2.Task3.V12.Test", "Tyuiu.ShahabA.Sprint2.Task3.V12.Test\Tyuiu.ShahabA.Sprint2.Task3.V12.Test.csproj", "{DF6AED68-A98B-4857-8F17-5089E5970157}"
EndProject
Project("{2150E333-8FDC-42A3-9474-1A3956D46DE8}") = "Task4", "Task4", "{808CC095-239A-4B50-8973-787CC7EDED23}"
EndProject
Project("{FAE04EC0-301F-11D3-BF4B-00C04F79EFBC}") = "Tyuiu.ShahabA.Sprint2.Task4.V28", "Tyuiu.ShahabA.Sprint2.Task4.V28\Tyuiu.ShahabA.Sprint2.Task4.V28.csproj", "{25001C82-BE19-4332-82AE-085D3B829DD3}"
EndProject
Project("{FAE04EC0-301F-11D3-BF4B-00C04F79EFBC}") = "Tyuiu.ShahabA.Sprint2.Task4.V28.Lib", "Tyuiu.ShahabA.Sprint2.Task4.V28.Lib\Tyuiu.ShahabA.Sprint2.Task4.V28.Lib.csproj", "{54299683-C2B4-496D-A246-49C76C28712D}"
EndProject
Project("{FAE04EC0-301F-11D3-BF4B-00C04F79EFBC}") = "Tyuiu.ShahabA.Sprint2.Task4.V28.Test", "Tyuiu.ShahabA.Sprint2.Task4.V28.Test\Tyuiu.ShahabA.Sprint2.Task4.V28.Test.csproj", "{ADCDED29-6DA3-4F77-9919-85D56E8EAAF2}"
EndProject
Project("{2150E333-8FDC-42A3-9474-1A3956D46DE8}") = "Task5", "Task5", "{28A3EDFB-793C-444A-B5CA-057EF107265D}"
EndProject
Project("{FAE04EC0-301F-11D3-BF4B-00C04F79EFBC}") = "Tyuiu.ShahabA.Sprint2.Task5.V12", "Tyuiu.ShahabA.Sprint2.Task5.V12\Tyuiu.ShahabA.Sprint2.Task5.V12.csproj", "{C5E395FD-7683-4E72-B7C7-C09279A63902}"
EndProject
Project("{FAE04EC0-301F-11D3-BF4B-00C04F79EFBC}") = "Tyuiu.ShahabA.Sprint2.Task5.V12.Lib", "Tyuiu.ShahabA.Sprint2.Task5.V12.Lib\Tyuiu.ShahabA.Sprint2.Task5.V12.Lib.csproj", "{82805C22-1B62-40FC-8258-8014E00B8A48}"
EndProject
Project("{FAE04EC0-301F-11D3-BF4B-00C04F79EFBC}") = "Tyuiu.ShahabA.Sprint2.Task5.V12.Test", "Tyuiu.ShahabA.Sprint2.Task5.V12.Test\Tyuiu.ShahabA.Sprint2.Task5.V12.Test.csproj", "{D411781B-F4A0-4FF8-A5D0-1B8844E740E9}"
EndProject
Project("{2150E333-8FDC-42A3-9474-1A3956D46DE8}") = "Task6", "Task6", "{1A876B95-C367-41E5-AA9E-D224DCF20C27}"
EndProject
Project("{FAE04EC0-301F-11D3-BF4B-00C04F79EFBC}") = "Tyuiu.ShahabA.Sprint2.Task6.V12", "Tyuiu.ShahabA.Sprint2.Task6.V12\Tyuiu.ShahabA.Sprint2.Task6.V12.csproj", "{862874E1-CACF-4F0C-AD2C-DFB381BDA65B}"
EndProject
Project("{FAE04EC0-301F-11D3-BF4B-00C04F79EFBC}") = "Tyuiu.ShahabA.Sprint2.Task6.V12.Lib", "Tyuiu.ShahabA.Sprint2.Task6.V12.Lib\Tyuiu.ShahabA.Sprint2.Task6.V12.Lib.csproj", "{2A8E48C8-9810-477C-9590-1955C6160DD0}"
EndProject
Project("{FAE04EC0-301F-11D3-BF4B-00C04F79EFBC}") = "Tyuiu.ShahabA.Sprint2.Task6.V12.Test", "Tyuiu.ShahabA.Sprint2.Task6.V12.Test\Tyuiu.ShahabA.Sprint2.Task6.V12.Test.csproj", "{498A5C90-8918-4640-B219-162FCC2A3030}"
EndProject
Project("{2150E333-8FDC-42A3-9474-1A3956D46DE8}") = "Task7", "Task7", "{31BFC4FF-43FC-4E30-948C-0AACFFD5CC53}"
EndProject
Project("{FAE04EC0-301F-11D3-BF4B-00C04F79EFBC}") = "Tyuiu.ShahabA.Sprint2.Task7.V1", "Tyuiu.ShahabA.Sprint2.Task7.V1\Tyuiu.ShahabA.Sprint2.Task7.V1.csproj", "{7D66387E-31EE-4B04-A53A-475F16B4DCCE}"
EndProject
Project("{FAE04EC0-301F-11D3-BF4B-00C04F79EFBC}") = "Tyuiu.ShahabA.Sprint2.Task7.V1.Lib", "Tyuiu.ShahabA.Sprint2.Task7.V1.Lib\Tyuiu.ShahabA.Sprint2.Task7.V1.Lib.csproj", "{CE968062-A029-4AD4-A21B-F0BF00A02D13}"
EndProject
Project("{FAE04EC0-301F-11D3-BF4B-00C04F79EFBC}") = "Tyuiu.ShahabA.Sprint2.Task7.V1.Test", "Tyuiu.ShahabA.Sprint2.Task7.V1.Test\Tyuiu.ShahabA.Sprint2.Task7.V1.Test.csproj", "{ADEF5D76-68B5-496A-9E3B-0B53F0EB2ACC}"
EndProject
Global
	GlobalSection(SolutionConfigurationPlatforms) = preSolution
		Debug|Any CPU = Debug|Any CPU
		Release|Any CPU = Release|Any CPU
	EndGlobalSection
	GlobalSection(ProjectConfigurationPlatforms) = postSolution
		{20823D50-1319-4AFC-B792-34D1BAD86484}.Debug|Any CPU.ActiveCfg = Debug|Any CPU
		{20823D50-1319-4AFC-B792-34D1BAD86484}.Debug|Any CPU.Build.0 = Debug|Any CPU
		{20823D50-1319-4AFC-B792-34D1BAD86484}.Release|Any CPU.ActiveCfg = Release|Any CPU
		{20823D50-1319-4AFC-B792-34D1BAD86484}.Release|Any CPU.Build.0 = Release|Any CPU
		{C629B9EA-62DF-4C39-AFB6-A927230E65D3}.Debug|Any CPU.ActiveCfg = Debug|Any CPU
		{C629B9EA-62DF-4C39-AFB6-A927230E65D3}.Debug|Any CPU.Build.0 = Debug|Any CPU
		{C629B9EA-62DF-4C39-AFB6-A927230E65D3}.Release|Any CPU.ActiveCfg = Release|Any CPU
		{C629B9EA-62DF-4C39-AFB6-A927230E65D3}.Release|Any CPU.Build.0 = Release|Any CPU
		{0F3AF8E2-816F-4DB2-A5D1-5BCCB00BBDE3}.Debug|Any CPU.ActiveCfg = Debug|Any CPU
		{0F3AF8E2-816F-4DB2-A5D1-5BCCB00BBDE3}.Debug|Any CPU.Build.0 = Debug|Any CPU
		{0F3AF8E2-816F-4DB2-A5D1-5BCCB00BBDE3}.Release|Any CPU.ActiveCfg = Release|Any CPU
		{0F3AF8E2-816F-4DB2-A5D1-5BCCB00BBDE3}.Release|Any CPU.Build.0 = Release|Any CPU
		{979428D9-12FA-424D-AE1D-B58214FF4C9B}.Debug|Any CPU.ActiveCfg = Debug|Any CPU
		{979428D9-12FA-424D-AE1D-B58214FF4C9B}.Debug|Any CPU.Build.0 = Debug|Any CPU
		{979428D9-12FA-424D-AE1D-B58214FF4C9B}.Release|Any CPU.ActiveCfg = Release|Any CPU
		{979428D9-12FA-424D-AE1D-B58214FF4C9B}.Release|Any CPU.Build.0 = Release|Any CPU
		{9B7298D3-6D25-42E0-8E69-6EEB5A44E815}.Debug|Any CPU.ActiveCfg = Debug|Any CPU
		{9B7298D3-6D25-42E0-8E69-6EEB5A44E815}.Debug|Any CPU.Build.0 = Debug|Any CPU
		{9B7298D3-6D25-42E0-8E69-6EEB5A44E815}.Release|Any CPU.ActiveCfg = Release|Any CPU
		{9B7298D3-6D25-42E0-8E69-6EEB5A44E815}.Release|Any CPU.Build.0 = Release|Any CPU
		{C53AB523-E2DC-4936-BB96-081892A92963}.Debug|Any CPU.ActiveCfg = Debug|Any CPU
		{C53AB523-E2DC-4936-BB96-081892A92963}.Debug|Any CPU.Build.0 = Debug|Any CPU
		{C53AB523-E2DC-4936-BB96-081892A92963}.Release|Any CPU.ActiveCfg = Release|Any CPU
		{C53AB523-E2DC-4936-BB96-081892A92963}.Release|Any CPU.Build.0 = Release|Any CPU
		{BE5F3637-7F2E-48B1-BAEB-9F6B1B4CE483}.Debug|Any CPU.ActiveCfg = Debug|Any CPU
		{BE5F3637-7F2E-48B1-BAEB-9F6B1B4CE483}.Debug|Any CPU.Build.0 = Debug|Any CPU
		{BE5F3637-7F2E-48B1-BAEB-9F6B1B4CE483}.Release|Any CPU.ActiveCfg = Release|Any CPU
		{BE5F3637-7F2E-48B1-BAEB-9F6B1B4CE483}.Release|Any CPU.Build.0 = Release|Any CPU
		{E6C01659-CF28-4F3B-8831-55D8DADB59EA}.Debug|Any CPU.ActiveCfg = Debug|Any CPU
		{E6C01659-CF28-4F3B-8831-55D8DADB59EA}.Debug|Any CPU.Build.0 = Debug|Any CPU
		{E6C01659-CF28-4F3B-8831-55D8DADB59EA}.Release|Any CPU.ActiveCfg = Release|Any CPU
		{E6C01659-CF28-4F3B-8831-55D8DADB59EA}.Release|Any CPU.Build.0 = Release|Any CPU
		{136CD58D-B195-4442-AED0-B7DF0777EC47}.Debug|Any CPU.ActiveCfg = Debug|Any CPU
		{136CD58D-B195-4442-AED0-B7DF0777EC47}.Debug|Any CPU.Build.0 = Debug|Any CPU
		{136CD58D-B195-4442-AED0-B7DF0777EC47}.Release|Any CPU.ActiveCfg = Release|Any CPU
		{136CD58D-B195-4442-AED0-B7DF0777EC47}.Release|Any CPU.Build.0 = Release|Any CPU
		{44A8D1D6-187C-4A1C-901C-CE666B576369}.Debug|Any CPU.ActiveCfg = Debug|Any CPU
		{44A8D1D6-187C-4A1C-901C-CE666B576369}.Debug|Any CPU.Build.0 = Debug|Any CPU
		{44A8D1D6-187C-4A1C-901C-CE666B576369}.Release|Any CPU.ActiveCfg = Release|Any CPU
		{44A8D1D6-187C-4A1C-901C-CE666B576369}.Release|Any CPU.Build.0 = Release|Any CPU
		{EBBC0236-AAA6-4A13-9DB4-0D5B91221802}.Debug|Any CPU.ActiveCfg = Debug|Any CPU
		{EBBC0236-AAA6-4A13-9DB4-0D5B91221802}.Debug|Any CPU.Build.0 = Debug|Any CPU
		{EBBC0236-AAA6-4A13-9DB4-0D5B91221802}.Release|Any CPU.ActiveCfg = Release|Any CPU
		{EBBC0236-AAA6-4A13-9DB4-0D5B91221802}.Release|Any CPU.Build.0 = Release|Any CPU
		{DF6AED68-A98B-4857-8F17-5089E5970157}.Debug|Any CPU.ActiveCfg = Debug|Any CPU
		{DF6AED68-A98B-4857-8F17-5089E5970157}.Debug|Any CPU.Build.0 = Debug|Any CPU
		{DF6AED68-A98B-4857-8F17-5089E5970157}.Release|Any CPU.ActiveCfg = Release|Any CPU
		{DF6AED68-A98B-4857-8F17-5089E5970157}.Release|Any CPU.Build.0 = Release|Any CPU
		{25001C82-BE19-4332-82AE-085D3B829DD3}.Debug|Any CPU.ActiveCfg = Debug|Any CPU
		{25001C82-BE19-4332-82AE-085D3B829DD3}.Debug|Any CPU.Build.0 = Debug|Any CPU
		{25001C82-BE19-4332-82AE-085D3B829DD3}.Release|Any CPU.ActiveCfg = Release|Any CPU
		{25001C82-BE19-4332-82AE-085D3B829DD3}.Release|Any CPU.Build.0 = Release|Any CPU
		{54299683-C2B4-496D-A246-49C76C28712D}.Debug|Any CPU.ActiveCfg = Debug|Any CPU
		{54299683-C2B4-496D-A246-49C76C28712D}.Debug|Any CPU.Build.0 = Debug|Any CPU
		{54299683-C2B4-496D-A246-49C76C28712D}.Release|Any CPU.ActiveCfg = Release|Any CPU
		{54299683-C2B4-496D-A246-49C76C28712D}.Release|Any CPU.Build.0 = Release|Any CPU
		{ADCDED29-6DA3-4F77-9919-85D56E8EAAF2}.Debug|Any CPU.ActiveCfg = Debug|Any CPU
		{ADCDED29-6DA3-4F77-9919-85D56E8EAAF2}.Debug|Any CPU.Build.0 = Debug|Any CPU
		{ADCDED29-6DA3-4F77-9919-85D56E8EAAF2}.Release|Any CPU.ActiveCfg = Release|Any CPU
		{ADCDED29-6DA3-4F77-9919-85D56E8EAAF2}.Release|Any CPU.Build.0 = Release|Any CPU
		{C5E395FD-7683-4E72-B7C7-C09279A63902}.Debug|Any CPU.ActiveCfg = Debug|Any CPU
		{C5E395FD-7683-4E72-B7C7-C09279A63902}.Debug|Any CPU.Build.0 = Debug|Any CPU
		{C5E395FD-7683-4E72-B7C7-C09279A63902}.Release|Any CPU.ActiveCfg = Release|Any CPU
		{C5E395FD-7683-4E72-B7C7-C09279A63902}.Release|Any CPU.Build.0 = Release|Any CPU
		{82805C22-1B62-40FC-8258-8014E00B8A48}.Debug|Any CPU.ActiveCfg = Debug|Any CPU
		{82805C22-1B62-40FC-8258-8014E00B8A48}.Debug|Any CPU.Build.0 = Debug|Any CPU
		{82805C22-1B62-40FC-8258-8014E00B8A48}.Release|Any CPU.ActiveCfg = Release|Any CPU
		{82805C22-1B62-40FC-8258-8014E00B8A48}.Release|Any CPU.Build.0 = Release|Any CPU
		{D411781B-F4A0-4FF8-A5D0-1B8844E740E9}.Debug|Any CPU.ActiveCfg = Debug|Any CPU
		{D411781B-F4A0-4FF8-A5D0-1B8844E740E9}.Debug|Any CPU.Build.0 = Debug|Any CPU
		{D411781B-F4A0-4FF8-A5D0-1B8844E740E9}.Release|Any CPU.ActiveCfg = Release|Any CPU
		{D411781B-F4A0-4FF8-A5D0-1B8844E740E9}.Release|Any CPU.Build.0 = Release|Any CPU
		{862874E1-CACF-4F0C-AD2C-DFB381BDA65B}.Debug|Any CPU.ActiveCfg = Debug|Any CPU
		{862874E1-CACF-4F0C-AD2C-DFB381BDA65B}.Debug|Any CPU.Build.0 = Debug|Any CPU
		{862874E1-CACF-4F0C-AD2C-DFB381BDA65B}.Release|Any CPU.ActiveCfg = Release|Any CPU
		{862874E1-CACF-4F0C-AD2C-DFB381BDA65B}.Release|Any CPU.Build.0 = Release|Any CPU
		{2A8E48C8-9810-477C-9590-1955C6160DD0}.Debug|Any CPU.ActiveCfg = Debug|Any CPU
		{2A8E48C8-9810-477C-9590-1955C6160DD0}.Debug|Any CPU.Build.0 = Debug|Any CPU
		{2A8E48C8-9810-477C-9590-1955C6160DD0}.Release|Any CPU.ActiveCfg = Release|Any CPU
		{2A8E48C8-9810-477C-9590-1955C6160DD0}.Release|Any CPU.Build.0 = Release|Any CPU
		{498A5C90-8918-4640-B219-162FCC2A3030}.Debug|Any CPU.ActiveCfg = Debug|Any CPU
		{498A5C90-8918-4640-B219-162FCC2A3030}.Debug|Any CPU.Build.0 = Debug|Any CPU
		{498A5C90-8918-4640-B219-162FCC2A3030}.Release|Any CPU.ActiveCfg = Release|Any CPU
		{498A5C90-8918-4640-B219-162FCC2A3030}.Release|Any CPU.Build.0 = Release|Any CPU
		{7D66387E-31EE-4B04-A53A-475F16B4DCCE}.Debug|Any CPU.ActiveCfg = Debug|Any CPU
		{7D66387E-31EE-4B04-A53A-475F16B4DCCE}.Debug|Any CPU.Build.0 = Debug|Any CPU
		{7D66387E-31EE-4B04-A53A-475F16B4DCCE}.Release|Any CPU.ActiveCfg = Release|Any CPU
		{7D66387E-31EE-4B04-A53A-475F16B4DCCE}.Release|Any CPU.Build.0 = Release|Any CPU
		{CE968062-A029-4AD4-A21B-F0BF00A02D13}.Debug|Any CPU.ActiveCfg = Debug|Any CPU
		{CE968062-A029-4AD4-A21B-F0BF00A02D13}.Debug|Any CPU.Build.0 = Debug|Any CPU
		{CE968062-A029-4AD4-A21B-F0BF00A02D13}.Release|Any CPU.ActiveCfg = Release|Any CPU
		{CE968062-A029-4AD4-A21B-F0BF00A02D13}.Release|Any CPU.Build.0 = Release|Any CPU
		{ADEF5D76-68B5-496A-9E3B-0B53F0EB2ACC}.Debug|Any CPU.ActiveCfg = Debug|Any CPU
		{ADEF5D76-68B5-496A-9E3B-0B53F0EB2ACC}.Debug|Any CPU.Build.0 = Debug|Any CPU
		{ADEF5D76-68B5-496A-9E3B-0B53F0EB2ACC}.Release|Any CPU.ActiveCfg = Release|Any CPU
		{ADEF5D76-68B5-496A-9E3B-0B53F0EB2ACC}.Release|Any CPU.Build.0 = Release|Any CPU
	EndGlobalSection
	GlobalSection(SolutionProperties) = preSolution
		HideSolutionNode = FALSE
	EndGlobalSection
	GlobalSection(NestedProjects) = preSolution
		{20823D50-1319-4AFC-B792-34D1BAD86484} = {02EA681E-C7D8-13C7-8484-4AC65E1B71E8}
		{C629B9EA-62DF-4C39-AFB6-A927230E65D3} = {02EA681E-C7D8-13C7-8484-4AC65E1B71E8}
		{0F3AF8E2-816F-4DB2-A5D1-5BCCB00BBDE3} = {02EA681E-C7D8-13C7-8484-4AC65E1B71E8}
		{979428D9-12FA-424D-AE1D-B58214FF4C9B} = {91126DF8-A0D1-4F67-8B45-DA39500D5ACD}
		{9B7298D3-6D25-42E0-8E69-6EEB5A44E815} = {91126DF8-A0D1-4F67-8B45-DA39500D5ACD}
		{C53AB523-E2DC-4936-BB96-081892A92963} = {91126DF8-A0D1-4F67-8B45-DA39500D5ACD}
		{BE5F3637-7F2E-48B1-BAEB-9F6B1B4CE483} = {D2212942-5893-4E38-9656-B43A5E962DEB}
		{E6C01659-CF28-4F3B-8831-55D8DADB59EA} = {D2212942-5893-4E38-9656-B43A5E962DEB}
		{136CD58D-B195-4442-AED0-B7DF0777EC47} = {D2212942-5893-4E38-9656-B43A5E962DEB}
		{44A8D1D6-187C-4A1C-901C-CE666B576369} = {9355E308-8F16-41B4-BC16-3DEE3665301A}
		{EBBC0236-AAA6-4A13-9DB4-0D5B91221802} = {9355E308-8F16-41B4-BC16-3DEE3665301A}
		{DF6AED68-A98B-4857-8F17-5089E5970157} = {9355E308-8F16-41B4-BC16-3DEE3665301A}
		{25001C82-BE19-4332-82AE-085D3B829DD3} = {808CC095-239A-4B50-8973-787CC7EDED23}
		{54299683-C2B4-496D-A246-49C76C28712D} = {808CC095-239A-4B50-8973-787CC7EDED23}
		{ADCDED29-6DA3-4F77-9919-85D56E8EAAF2} = {808CC095-239A-4B50-8973-787CC7EDED23}
		{C5E395FD-7683-4E72-B7C7-C09279A63902} = {28A3EDFB-793C-444A-B5CA-057EF107265D}
		{82805C22-1B62-40FC-8258-8014E00B8A48} = {28A3EDFB-793C-444A-B5CA-057EF107265D}
		{D411781B-F4A0-4FF8-A5D0-1B8844E740E9} = {28A3EDFB-793C-444A-B5CA-057EF107265D}
		{862874E1-CACF-4F0C-AD2C-DFB381BDA65B} = {1A876B95-C367-41E5-AA9E-D224DCF20C27}
		{2A8E48C8-9810-477C-9590-1955C6160DD0} = {1A876B95-C367-41E5-AA9E-D224DCF20C27}
		{498A5C90-8918-4640-B219-162FCC2A3030} = {1A876B95-C367-41E5-AA9E-D224DCF20C27}
		{7D66387E-31EE-4B04-A53A-475F16B4DCCE} = {31BFC4FF-43FC-4E30-948C-0AACFFD5CC53}
		{CE968062-A029-4AD4-A21B-F0BF00A02D13} = {31BFC4FF-43FC-4E30-948C-0AACFFD5CC53}
		{ADEF5D76-68B5-496A-9E3B-0B53F0EB2ACC} = {31BFC4FF-43FC-4E30-948C-0AACFFD5CC53}
	EndGlobalSection
	GlobalSection(ExtensibilityGlobals) = postSolution
		SolutionGuid = {9AE76B43-D9EB-4440-A792-C59660A8FD3C}
	EndGlobalSection
EndGlobal
