
Microsoft Visual Studio Solution File, Format Version 12.00
# Visual Studio Version 17
VisualStudioVersion = 17.14.36518.9
MinimumVisualStudioVersion = 10.0.40219.1
Project("{2150E333-8FDC-42A3-9474-1A3956D46DE8}") = "Task0", "Task0", "{02EA681E-C7D8-13C7-8484-4AC65E1B71E8}"
EndProject
Project("{FAE04EC0-301F-11D3-BF4B-00C04F79EFBC}") = "Tyuiu.ShahabA.Sprint2.Task0.V6", "Tyuiu.ShahabA.Sprint2.Task0.V6\Tyuiu.ShahabA.Sprint2.Task0.V6.csproj", "{20823D50-1319-4AFC-B792-34D1BAD86484}"
EndProject
Project("{FAE04EC0-301F-11D3-BF4B-00C04F79EFBC}") = "Tyuiu.ShahabA.Sprint2.Task0.V6.Lib", "Tyuiu.ShahabA.Sprint2.Task0.V6.Lib\Tyuiu.ShahabA.Sprint2.Task0.V6.Lib.csproj", "{C629B9EA-62DF-4C39-AFB6-A927230E65D3}"
EndProject
Project("{FAE04EC0-301F-11D3-BF4B-00C04F79EFBC}") = "Tyuiu.ShahabA.Sprint2.Task0.V6.Test", "Tyuiu.ShahabA.Sprint2.Task0.V6.Test\Tyuiu.ShahabA.Sprint2.Task0.V6.Test.csproj", "{0F3AF8E2-816F-4DB2-A5D1-5BCCB00BBDE3}"
EndProject
Project("{2150E333-8FDC-42A3-9474-1A3956D46DE8}") = "Task1", "Task1", "{91126DF8-A0D1-4F67-8B45-DA39500D5ACD}"
EndProject
Project("{FAE04EC0-301F-11D3-BF4B-00C04F79EFBC}") = "Tyuiu.ShahabA.Spint2.Task1.V30", "Tyuiu.ShahabA.Spint2.Task1.V30\Tyuiu.ShahabA.Spint2.Task1.V30.csproj", "{979428D9-12FA-424D-AE1D-B58214FF4C9B}"
EndProject
Project("{FAE04EC0-301F-11D3-BF4B-00C04F79EFBC}") = "Tyuiu.ShahabA.Spint2.Task1.V30.Lib", "Tyuiu.ShahabA.Spint2.Task1.V30.Lib\Tyuiu.ShahabA.Spint2.Task1.V30.Lib.csproj", "{9B7298D3-6D25-42E0-8E69-6EEB5A44E815}"
EndProject
Project("{FAE04EC0-301F-11D3-BF4B-00C04F79EFBC}") = "Tyuiu.ShahabA.Spint2.Task1.V30.Test", "Tyuiu.ShahabA.Spint2.Task1.V30.Test\Tyuiu.ShahabA.Spint2.Task1.V30.Test.csproj", "{C53AB523-E2DC-4936-BB96-081892A92963}"
EndProject
Project("{2150E333-8FDC-42A3-9474-1A3956D46DE8}") = "Task2", "Task2", "{D2212942-5893-4E38-9656-B43A5E962DEB}"
EndProject
Project("{FAE04EC0-301F-11D3-BF4B-00C04F79EFBC}") = "Tyuiu.ShahabA.Sprint2.Task2.V25", "Tyuiu.ShahabA.Sprint2.Task2.V25\Tyuiu.ShahabA.Sprint2.Task2.V25.csproj", "{BE5F3637-7F2E-48B1-BAEB-9F6B1B4CE483}"
EndProject
Project("{FAE04EC0-301F-11D3-BF4B-00C04F79EFBC}") = "Tyuiu.ShahabA.Sprint2.Task2.V25.Lib", "Tyuiu.ShahabA.Sprint2.Task2.V25.Lib\Tyuiu.ShahabA.Sprint2.Task2.V25.Lib.csproj", "{E6C01659-CF28-4F3B-8831-55D8DADB59EA}"
EndProject
Project("{FAE04EC0-301F-11D3-BF4B-00C04F79EFBC}") = "Tyuiu.ShahabA.Sprint2.Task2.V25.Test", "Tyuiu.ShahabA.Sprint2.Task2.V25.Test\Tyuiu.ShahabA.Sprint2.Task2.V25.Test.csproj", "{136CD58D-B195-4442-AED0-B7DF0777EC47}"
EndProject
Global
	GlobalSection(SolutionConfigurationPlatforms) = preSolution
		Debug|Any CPU = Debug|Any CPU
		Release|Any CPU = Release|Any CPU
	EndGlobalSection
	GlobalSection(ProjectConfigurationPlatforms) = postSolution
		{20823D50-1319-4AFC-B792-34D1BAD86484}.Debug|Any CPU.ActiveCfg = Debug|Any CPU
		{20823D50-1319-4AFC-B792-34D1BAD86484}.Debug|Any CPU.Build.0 = Debug|Any CPU
		{20823D50-1319-4AFC-B792-34D1BAD86484}.Release|Any CPU.ActiveCfg = Release|Any CPU
		{20823D50-1319-4AFC-B792-34D1BAD86484}.Release|Any CPU.Build.0 = Release|Any CPU
		{C629B9EA-62DF-4C39-AFB6-A927230E65D3}.Debug|Any CPU.ActiveCfg = Debug|Any CPU
		{C629B9EA-62DF-4C39-AFB6-A927230E65D3}.Debug|Any CPU.Build.0 = Debug|Any CPU
		{C629B9EA-62DF-4C39-AFB6-A927230E65D3}.Release|Any CPU.ActiveCfg = Release|Any CPU
		{C629B9EA-62DF-4C39-AFB6-A927230E65D3}.Release|Any CPU.Build.0 = Release|Any CPU
		{0F3AF8E2-816F-4DB2-A5D1-5BCCB00BBDE3}.Debug|Any CPU.ActiveCfg = Debug|Any CPU
		{0F3AF8E2-816F-4DB2-A5D1-5BCCB00BBDE3}.Debug|Any CPU.Build.0 = Debug|Any CPU
		{0F3AF8E2-816F-4DB2-A5D1-5BCCB00BBDE3}.Release|Any CPU.ActiveCfg = Release|Any CPU
		{0F3AF8E2-816F-4DB2-A5D1-5BCCB00BBDE3}.Release|Any CPU.Build.0 = Release|Any CPU
		{979428D9-12FA-424D-AE1D-B58214FF4C9B}.Debug|Any CPU.ActiveCfg = Debug|Any CPU
		{979428D9-12FA-424D-AE1D-B58214FF4C9B}.Debug|Any CPU.Build.0 = Debug|Any CPU
		{979428D9-12FA-424D-AE1D-B58214FF4C9B}.Release|Any CPU.ActiveCfg = Release|Any CPU
		{979428D9-12FA-424D-AE1D-B58214FF4C9B}.Release|Any CPU.Build.0 = Release|Any CPU
		{9B7298D3-6D25-42E0-8E69-6EEB5A44E815}.Debug|Any CPU.ActiveCfg = Debug|Any CPU
		{9B7298D3-6D25-42E0-8E69-6EEB5A44E815}.Debug|Any CPU.Build.0 = Debug|Any CPU
		{9B7298D3-6D25-42E0-8E69-6EEB5A44E815}.Release|Any CPU.ActiveCfg = Release|Any CPU
		{9B7298D3-6D25-42E0-8E69-6EEB5A44E815}.Release|Any CPU.Build.0 = Release|Any CPU
		{C53AB523-E2DC-4936-BB96-081892A92963}.Debug|Any CPU.ActiveCfg = Debug|Any CPU
		{C53AB523-E2DC-4936-BB96-081892A92963}.Debug|Any CPU.Build.0 = Debug|Any CPU
		{C53AB523-E2DC-4936-BB96-081892A92963}.Release|Any CPU.ActiveCfg = Release|Any CPU
		{C53AB523-E2DC-4936-BB96-081892A92963}.Release|Any CPU.Build.0 = Release|Any CPU
		{BE5F3637-7F2E-48B1-BAEB-9F6B1B4CE483}.Debug|Any CPU.ActiveCfg = Debug|Any CPU
		{BE5F3637-7F2E-48B1-BAEB-9F6B1B4CE483}.Debug|Any CPU.Build.0 = Debug|Any CPU
		{BE5F3637-7F2E-48B1-BAEB-9F6B1B4CE483}.Release|Any CPU.ActiveCfg = Release|Any CPU
		{BE5F3637-7F2E-48B1-BAEB-9F6B1B4CE483}.Release|Any CPU.Build.0 = Release|Any CPU
		{E6C01659-CF28-4F3B-8831-55D8DADB59EA}.Debug|Any CPU.ActiveCfg = Debug|Any CPU
		{E6C01659-CF28-4F3B-8831-55D8DADB59EA}.Debug|Any CPU.Build.0 = Debug|Any CPU
		{E6C01659-CF28-4F3B-8831-55D8DADB59EA}.Release|Any CPU.ActiveCfg = Release|Any CPU
		{E6C01659-CF28-4F3B-8831-55D8DADB59EA}.Release|Any CPU.Build.0 = Release|Any CPU
		{136CD58D-B195-4442-AED0-B7DF0777EC47}.Debug|Any CPU.ActiveCfg = Debug|Any CPU
		{136CD58D-B195-4442-AED0-B7DF0777EC47}.Debug|Any CPU.Build.0 = Debug|Any CPU
		{136CD58D-B195-4442-AED0-B7DF0777EC47}.Release|Any CPU.ActiveCfg = Release|Any CPU
		{136CD58D-B195-4442-AED0-B7DF0777EC47}.Release|Any CPU.Build.0 = Release|Any CPU
	EndGlobalSection
	GlobalSection(SolutionProperties) = preSolution
		HideSolutionNode = FALSE
	EndGlobalSection
	GlobalSection(NestedProjects) = preSolution
		{20823D50-1319-4AFC-B792-34D1BAD86484} = {02EA681E-C7D8-13C7-8484-4AC65E1B71E8}
		{C629B9EA-62DF-4C39-AFB6-A927230E65D3} = {02EA681E-C7D8-13C7-8484-4AC65E1B71E8}
		{0F3AF8E2-816F-4DB2-A5D1-5BCCB00BBDE3} = {02EA681E-C7D8-13C7-8484-4AC65E1B71E8}
		{979428D9-12FA-424D-AE1D-B58214FF4C9B} = {91126DF8-A0D1-4F67-8B45-DA39500D5ACD}
		{9B7298D3-6D25-42E0-8E69-6EEB5A44E815} = {91126DF8-A0D1-4F67-8B45-DA39500D5ACD}
		{C53AB523-E2DC-4936-BB96-081892A92963} = {91126DF8-A0D1-4F67-8B45-DA39500D5ACD}
		{BE5F3637-7F2E-48B1-BAEB-9F6B1B4CE483} = {D2212942-5893-4E38-9656-B43A5E962DEB}
		{E6C01659-CF28-4F3B-8831-55D8DADB59EA} = {D2212942-5893-4E38-9656-B43A5E962DEB}
		{136CD58D-B195-4442-AED0-B7DF0777EC47} = {D2212942-5893-4E38-9656-B43A5E962DEB}
	EndGlobalSection
	GlobalSection(ExtensibilityGlobals) = postSolution
		SolutionGuid = {9AE76B43-D9EB-4440-A792-C59660A8FD3C}
	EndGlobalSection
EndGlobal
